{
  "name": "New tedx",
  "lockfileVersion": 2,
  "requires": true,
  "packages": {
    "": {
      "dependencies": {
        "carousel-3d": "^0.2.3"
      }
    },
    "node_modules/carousel-3d": {
      "version": "0.2.3",
      "resolved": "https://registry.npmjs.org/carousel-3d/-/carousel-3d-0.2.3.tgz",
      "integrity": "sha1-JlmwSQ7DA9RhLIqpr+vMTD8Jyjs="
    }
  },
  "dependencies": {
    "carousel-3d": {
      "version": "0.2.3",
      "resolved": "https://registry.npmjs.org/carousel-3d/-/carousel-3d-0.2.3.tgz",
      "integrity": "sha1-JlmwSQ7DA9RhLIqpr+vMTD8Jyjs="
    }
  }
}
